
Microsoft Visual Studio Solution File, Format Version 12.00
# Visual Studio Version 17
VisualStudioVersion = 17.14.36811.4
MinimumVisualStudioVersion = 10.0.40219.1
Project("{8BC9CEB8-8B4A-11D0-8D11-00A0C91BC942}") = "TCPServer", "Server\Server.vcxproj", "{81642FB6-2141-4B72-8CB1-DCBEC2249AFC}"
EndProject
Project("{8BC9CEB8-8B4A-11D0-8D11-00A0C91BC942}") = "Client", "Client\Client.vcxproj", "{A14BA497-6109-478A-9FCD-A46C4A3FA3E2}"
EndProject
Project("{8BC9CEB8-8B4A-11D0-8D11-00A0C91BC942}") = "Lib", "Lib\Lib.vcxproj", "{299B54CD-E57C-4C2C-A264-B2EA5A740350}"
EndProject
Project("{8BC9CEB8-8B4A-11D0-8D11-00A0C91BC942}") = "Dummy", "Dummy\Dummy.vcxproj", "{725B654C-D126-4917-A1BA-5D9730C386F1}"
EndProject
Project("{8BC9CEB8-8B4A-11D0-8D11-00A0C91BC942}") = "KeyGen", "KeyGen\KeyGen.vcxproj", "{3DD2715F-0AED-4E00-B233-CE88F4305432}"
EndProject
Project("{2150E333-8FDC-42A3-9474-1A3956D46DE8}") = "shared", "shared", "{02EA681E-C7D8-13C7-8484-4AC65E1B71E8}"
	ProjectSection(SolutionItems) = preProject
		includes.h = includes.h
	EndProjectSection
EndProject
Global
	GlobalSection(SolutionConfigurationPlatforms) = preSolution
		Debug|x64 = Debug|x64
		Debug|x86 = Debug|x86
		Release|x64 = Release|x64
		Release|x86 = Release|x86
	EndGlobalSection
	GlobalSection(ProjectConfigurationPlatforms) = postSolution
		{81642FB6-2141-4B72-8CB1-DCBEC2249AFC}.Debug|x64.ActiveCfg = Debug|x64
		{81642FB6-2141-4B72-8CB1-DCBEC2249AFC}.Debug|x64.Build.0 = Debug|x64
		{81642FB6-2141-4B72-8CB1-DCBEC2249AFC}.Debug|x86.ActiveCfg = Debug|Win32
		{81642FB6-2141-4B72-8CB1-DCBEC2249AFC}.Debug|x86.Build.0 = Debug|Win32
		{81642FB6-2141-4B72-8CB1-DCBEC2249AFC}.Release|x64.ActiveCfg = Release|x64
		{81642FB6-2141-4B72-8CB1-DCBEC2249AFC}.Release|x64.Build.0 = Release|x64
		{81642FB6-2141-4B72-8CB1-DCBEC2249AFC}.Release|x86.ActiveCfg = Release|Win32
		{81642FB6-2141-4B72-8CB1-DCBEC2249AFC}.Release|x86.Build.0 = Release|Win32
		{A14BA497-6109-478A-9FCD-A46C4A3FA3E2}.Debug|x64.ActiveCfg = Debug|x64
		{A14BA497-6109-478A-9FCD-A46C4A3FA3E2}.Debug|x64.Build.0 = Debug|x64
		{A14BA497-6109-478A-9FCD-A46C4A3FA3E2}.Debug|x86.ActiveCfg = Debug|Win32
		{A14BA497-6109-478A-9FCD-A46C4A3FA3E2}.Debug|x86.Build.0 = Debug|Win32
		{A14BA497-6109-478A-9FCD-A46C4A3FA3E2}.Release|x64.ActiveCfg = Release|x64
		{A14BA497-6109-478A-9FCD-A46C4A3FA3E2}.Release|x64.Build.0 = Release|x64
		{A14BA497-6109-478A-9FCD-A46C4A3FA3E2}.Release|x86.ActiveCfg = Release|Win32
		{A14BA497-6109-478A-9FCD-A46C4A3FA3E2}.Release|x86.Build.0 = Release|Win32
		{299B54CD-E57C-4C2C-A264-B2EA5A740350}.Debug|x64.ActiveCfg = Debug|x64
		{299B54CD-E57C-4C2C-A264-B2EA5A740350}.Debug|x64.Build.0 = Debug|x64
		{299B54CD-E57C-4C2C-A264-B2EA5A740350}.Debug|x86.ActiveCfg = Debug|Win32
		{299B54CD-E57C-4C2C-A264-B2EA5A740350}.Debug|x86.Build.0 = Debug|Win32
		{299B54CD-E57C-4C2C-A264-B2EA5A740350}.Release|x64.ActiveCfg = Release|x64
		{299B54CD-E57C-4C2C-A264-B2EA5A740350}.Release|x64.Build.0 = Release|x64
		{299B54CD-E57C-4C2C-A264-B2EA5A740350}.Release|x86.ActiveCfg = Release|Win32
		{299B54CD-E57C-4C2C-A264-B2EA5A740350}.Release|x86.Build.0 = Release|Win32
		{725B654C-D126-4917-A1BA-5D9730C386F1}.Debug|x64.ActiveCfg = Debug|x64
		{725B654C-D126-4917-A1BA-5D9730C386F1}.Debug|x64.Build.0 = Debug|x64
		{725B654C-D126-4917-A1BA-5D9730C386F1}.Debug|x86.ActiveCfg = Debug|Win32
		{725B654C-D126-4917-A1BA-5D9730C386F1}.Debug|x86.Build.0 = Debug|Win32
		{725B654C-D126-4917-A1BA-5D9730C386F1}.Release|x64.ActiveCfg = Release|x64
		{725B654C-D126-4917-A1BA-5D9730C386F1}.Release|x64.Build.0 = Release|x64
		{725B654C-D126-4917-A1BA-5D9730C386F1}.Release|x86.ActiveCfg = Release|Win32
		{725B654C-D126-4917-A1BA-5D9730C386F1}.Release|x86.Build.0 = Release|Win32
		{3DD2715F-0AED-4E00-B233-CE88F4305432}.Debug|x64.ActiveCfg = Debug|x64
		{3DD2715F-0AED-4E00-B233-CE88F4305432}.Debug|x64.Build.0 = Debug|x64
		{3DD2715F-0AED-4E00-B233-CE88F4305432}.Debug|x86.ActiveCfg = Debug|Win32
		{3DD2715F-0AED-4E00-B233-CE88F4305432}.Debug|x86.Build.0 = Debug|Win32
		{3DD2715F-0AED-4E00-B233-CE88F4305432}.Release|x64.ActiveCfg = Release|x64
		{3DD2715F-0AED-4E00-B233-CE88F4305432}.Release|x64.Build.0 = Release|x64
		{3DD2715F-0AED-4E00-B233-CE88F4305432}.Release|x86.ActiveCfg = Release|Win32
		{3DD2715F-0AED-4E00-B233-CE88F4305432}.Release|x86.Build.0 = Release|Win32
	EndGlobalSection
	GlobalSection(SolutionProperties) = preSolution
		HideSolutionNode = FALSE
	EndGlobalSection
	GlobalSection(ExtensibilityGlobals) = postSolution
		SolutionGuid = {B6CB5648-59A6-4C8C-BECA-BCA83B3D1401}
	EndGlobalSection
EndGlobal
